
Microsoft Visual Studio Solution File, Format Version 12.00
# Visual Studio Version 17
VisualStudioVersion = 17.2.32602.215
MinimumVisualStudioVersion = 10.0.40219.1
Project("{9A19103F-16F7-4668-BE54-9A1E7A4F7556}") = "1ex", "10oop\1ex.csproj", "{33E1FEAA-B5F8-446F-818B-EBA09018CC74}"
EndProject
Project("{9A19103F-16F7-4668-BE54-9A1E7A4F7556}") = "2ex", "2ex\2ex.csproj", "{7A5D8D95-9528-46F5-B0A1-DD331FDA7B7D}"
EndProject
Project("{9A19103F-16F7-4668-BE54-9A1E7A4F7556}") = "3ex", "3ex\3ex.csproj", "{B1259C3E-5F79-4990-966B-E715F044E23D}"
EndProject
Project("{FAE04EC0-301F-11D3-BF4B-00C04F79EFBC}") = "4ex", "4ex\4ex.csproj", "{2571EF85-46EA-4944-97A1-723141467887}"
EndProject
Project("{FAE04EC0-301F-11D3-BF4B-00C04F79EFBC}") = "5ex", "5ex\5ex.csproj", "{50791EFD-899E-4976-8863-9F992131CB08}"
EndProject
Global
	GlobalSection(SolutionConfigurationPlatforms) = preSolution
		Debug|Any CPU = Debug|Any CPU
		Release|Any CPU = Release|Any CPU
	EndGlobalSection
	GlobalSection(ProjectConfigurationPlatforms) = postSolution
		{33E1FEAA-B5F8-446F-818B-EBA09018CC74}.Debug|Any CPU.ActiveCfg = Debug|Any CPU
		{33E1FEAA-B5F8-446F-818B-EBA09018CC74}.Debug|Any CPU.Build.0 = Debug|Any CPU
		{33E1FEAA-B5F8-446F-818B-EBA09018CC74}.Release|Any CPU.ActiveCfg = Release|Any CPU
		{33E1FEAA-B5F8-446F-818B-EBA09018CC74}.Release|Any CPU.Build.0 = Release|Any CPU
		{7A5D8D95-9528-46F5-B0A1-DD331FDA7B7D}.Debug|Any CPU.ActiveCfg = Debug|Any CPU
		{7A5D8D95-9528-46F5-B0A1-DD331FDA7B7D}.Debug|Any CPU.Build.0 = Debug|Any CPU
		{7A5D8D95-9528-46F5-B0A1-DD331FDA7B7D}.Release|Any CPU.ActiveCfg = Release|Any CPU
		{7A5D8D95-9528-46F5-B0A1-DD331FDA7B7D}.Release|Any CPU.Build.0 = Release|Any CPU
		{B1259C3E-5F79-4990-966B-E715F044E23D}.Debug|Any CPU.ActiveCfg = Debug|Any CPU
		{B1259C3E-5F79-4990-966B-E715F044E23D}.Debug|Any CPU.Build.0 = Debug|Any CPU
		{B1259C3E-5F79-4990-966B-E715F044E23D}.Release|Any CPU.ActiveCfg = Release|Any CPU
		{B1259C3E-5F79-4990-966B-E715F044E23D}.Release|Any CPU.Build.0 = Release|Any CPU
		{2571EF85-46EA-4944-97A1-723141467887}.Debug|Any CPU.ActiveCfg = Debug|Any CPU
		{2571EF85-46EA-4944-97A1-723141467887}.Debug|Any CPU.Build.0 = Debug|Any CPU
		{2571EF85-46EA-4944-97A1-723141467887}.Release|Any CPU.ActiveCfg = Release|Any CPU
		{2571EF85-46EA-4944-97A1-723141467887}.Release|Any CPU.Build.0 = Release|Any CPU
		{50791EFD-899E-4976-8863-9F992131CB08}.Debug|Any CPU.ActiveCfg = Debug|Any CPU
		{50791EFD-899E-4976-8863-9F992131CB08}.Debug|Any CPU.Build.0 = Debug|Any CPU
		{50791EFD-899E-4976-8863-9F992131CB08}.Release|Any CPU.ActiveCfg = Release|Any CPU
		{50791EFD-899E-4976-8863-9F992131CB08}.Release|Any CPU.Build.0 = Release|Any CPU
	EndGlobalSection
	GlobalSection(SolutionProperties) = preSolution
		HideSolutionNode = FALSE
	EndGlobalSection
	GlobalSection(ExtensibilityGlobals) = postSolution
		SolutionGuid = {F7C2F4A1-5DB9-4437-8F32-CC57EE745C3D}
	EndGlobalSection
EndGlobal
